
Microsoft Visual Studio Solution File, Format Version 12.00
# Visual Studio Version 16
VisualStudioVersion = 16.0.30523.141
MinimumVisualStudioVersion = 10.0.40219.1
Project("{8BC9CEB8-8B4A-11D0-8D11-00A0C91BC942}") = "HolaMundo", "HolaMundo\HolaMundo.vcxproj", "{FB4035DA-BBA7-423B-86E7-E34942919927}"
EndProject
Project("{2150E333-8FDC-42A3-9474-1A3956D46DE8}") = "Semana1", "Semana1", "{435C8464-229F-4581-8049-05BC8E9CCAC6}"
EndProject
Project("{8BC9CEB8-8B4A-11D0-8D11-00A0C91BC942}") = "SumaNumeros", "SumaNumeros\SumaNumeros.vcxproj", "{9C46F4B2-8D60-4FAD-8B6F-A150DB3AA7D9}"
EndProject
Project("{8BC9CEB8-8B4A-11D0-8D11-00A0C91BC942}") = "Tarea1", "Tarea1\Tarea1.vcxproj", "{26840837-0E57-4A05-80CD-4DFD5CAC2158}"
EndProject
Project("{2150E333-8FDC-42A3-9474-1A3956D46DE8}") = "Semana2", "Semana2", "{8E1924DA-5BCE-4B07-8458-98AFE2935E07}"
EndProject
Project("{8BC9CEB8-8B4A-11D0-8D11-00A0C91BC942}") = "ejemploClase", "ejemploClase\ejemploClase.vcxproj", "{8BC70DFD-9770-45E0-A57C-166F4A3EBE85}"
EndProject
Project("{8BC9CEB8-8B4A-11D0-8D11-00A0C91BC942}") = "EjercicioEnClase", "EjercicioEnClase\EjercicioEnClase.vcxproj", "{1B20BBD9-9AA3-4FF3-B9B5-5EC200B91E9E}"
EndProject
Project("{8BC9CEB8-8B4A-11D0-8D11-00A0C91BC942}") = "ejemploInterfazImplementacion", "ejemploInterfazImplementacion\ejemploInterfazImplementacion.vcxproj", "{FFEB1450-59D2-4AEA-9958-72108864AD5C}"
EndProject
Project("{8BC9CEB8-8B4A-11D0-8D11-00A0C91BC942}") = "ejemploRacional", "ejemploRacional\ejemploRacional.vcxproj", "{B8282593-D98A-4279-AE0C-146F160E2282}"
EndProject
Project("{8BC9CEB8-8B4A-11D0-8D11-00A0C91BC942}") = "Tarea2", "Tarea2\Tarea2.vcxproj", "{6EEF896E-FAAE-4377-9254-ABDB7D0F7AE2}"
EndProject
Project("{8BC9CEB8-8B4A-11D0-8D11-00A0C91BC942}") = "ejemploSobrecargaOperadores", "Semana3\Semana3.vcxproj", "{3AA1E1AD-88B0-4215-8966-B50112B2E734}"
EndProject
Project("{2150E333-8FDC-42A3-9474-1A3956D46DE8}") = "Semana3", "Semana3", "{E693F21A-9FAC-427A-92C7-EB41BCA8D183}"
EndProject
Project("{8BC9CEB8-8B4A-11D0-8D11-00A0C91BC942}") = "ejercicioCuentas", "ejercicioCuentas\ejercicioCuentas.vcxproj", "{1F99B581-5288-45F8-A077-A0DF9EA8C13A}"
EndProject
Project("{2150E333-8FDC-42A3-9474-1A3956D46DE8}") = "Semana4", "Semana4", "{0ECDE813-4DFE-4137-A5F6-7BF91BE52C65}"
EndProject
Project("{8BC9CEB8-8B4A-11D0-8D11-00A0C91BC942}") = "ejemploPolimorfismo", "ejemploPolimorfismo\ejemploPolimorfismo.vcxproj", "{62D2DC67-294A-4B1C-8C8E-A6DFD549B0A6}"
EndProject
Project("{2150E333-8FDC-42A3-9474-1A3956D46DE8}") = "Semana5", "Semana5", "{B7E7584B-0D03-4F3F-A326-9C7A5EC66763}"
EndProject
Project("{8BC9CEB8-8B4A-11D0-8D11-00A0C91BC942}") = "ejemploCadena", "ejemploCadenaq\ejemploCadenaq.vcxproj", "{6F096911-8FE1-4445-9013-92204E633231}"
EndProject
Project("{2150E333-8FDC-42A3-9474-1A3956D46DE8}") = "ExamenLab1", "ExamenLab1", "{DF3A68B4-049E-4C9B-82CE-D7E9F2BF8503}"
EndProject
Project("{2150E333-8FDC-42A3-9474-1A3956D46DE8}") = "ExamenClase1", "ExamenClase1", "{8618389E-E4FC-4CB3-944E-36AC479DBB10}"
EndProject
Project("{8BC9CEB8-8B4A-11D0-8D11-00A0C91BC942}") = "Examen1", "Examen1\Examen1.vcxproj", "{9F2B710F-2F1E-4269-8DA3-DA111D63BB38}"
EndProject
Project("{8BC9CEB8-8B4A-11D0-8D11-00A0C91BC942}") = "Examen1Clase", "Examen1Clase\Examen1Clase.vcxproj", "{BA375A54-A947-478D-BF90-C0045F99BA2E}"
EndProject
Project("{2150E333-8FDC-42A3-9474-1A3956D46DE8}") = "Semana7", "Semana7", "{5EF2B3B9-FC5C-48B9-8C95-BB49629CD141}"
EndProject
Project("{8BC9CEB8-8B4A-11D0-8D11-00A0C91BC942}") = "ejemploListaSimple", "ejemploListaSimple\ejemploListaSimple.vcxproj", "{13746B0B-14F9-4099-9454-3E99CB220DE0}"
EndProject
Project("{8BC9CEB8-8B4A-11D0-8D11-00A0C91BC942}") = "ejemploListaDobleCircular", "ejemploListaDobleCircula\ejemploListaDobleCircula.vcxproj", "{BF84C4B5-EA33-460D-B82C-81CB8DF1F1AC}"
EndProject
Global
	GlobalSection(SolutionConfigurationPlatforms) = preSolution
		Debug|x64 = Debug|x64
		Debug|x86 = Debug|x86
		Release|x64 = Release|x64
		Release|x86 = Release|x86
	EndGlobalSection
	GlobalSection(ProjectConfigurationPlatforms) = postSolution
		{FB4035DA-BBA7-423B-86E7-E34942919927}.Debug|x64.ActiveCfg = Debug|x64
		{FB4035DA-BBA7-423B-86E7-E34942919927}.Debug|x64.Build.0 = Debug|x64
		{FB4035DA-BBA7-423B-86E7-E34942919927}.Debug|x86.ActiveCfg = Debug|Win32
		{FB4035DA-BBA7-423B-86E7-E34942919927}.Debug|x86.Build.0 = Debug|Win32
		{FB4035DA-BBA7-423B-86E7-E34942919927}.Release|x64.ActiveCfg = Release|x64
		{FB4035DA-BBA7-423B-86E7-E34942919927}.Release|x64.Build.0 = Release|x64
		{FB4035DA-BBA7-423B-86E7-E34942919927}.Release|x86.ActiveCfg = Release|Win32
		{FB4035DA-BBA7-423B-86E7-E34942919927}.Release|x86.Build.0 = Release|Win32
		{9C46F4B2-8D60-4FAD-8B6F-A150DB3AA7D9}.Debug|x64.ActiveCfg = Debug|x64
		{9C46F4B2-8D60-4FAD-8B6F-A150DB3AA7D9}.Debug|x64.Build.0 = Debug|x64
		{9C46F4B2-8D60-4FAD-8B6F-A150DB3AA7D9}.Debug|x86.ActiveCfg = Debug|Win32
		{9C46F4B2-8D60-4FAD-8B6F-A150DB3AA7D9}.Debug|x86.Build.0 = Debug|Win32
		{9C46F4B2-8D60-4FAD-8B6F-A150DB3AA7D9}.Release|x64.ActiveCfg = Release|x64
		{9C46F4B2-8D60-4FAD-8B6F-A150DB3AA7D9}.Release|x64.Build.0 = Release|x64
		{9C46F4B2-8D60-4FAD-8B6F-A150DB3AA7D9}.Release|x86.ActiveCfg = Release|Win32
		{9C46F4B2-8D60-4FAD-8B6F-A150DB3AA7D9}.Release|x86.Build.0 = Release|Win32
		{26840837-0E57-4A05-80CD-4DFD5CAC2158}.Debug|x64.ActiveCfg = Debug|x64
		{26840837-0E57-4A05-80CD-4DFD5CAC2158}.Debug|x64.Build.0 = Debug|x64
		{26840837-0E57-4A05-80CD-4DFD5CAC2158}.Debug|x86.ActiveCfg = Debug|Win32
		{26840837-0E57-4A05-80CD-4DFD5CAC2158}.Debug|x86.Build.0 = Debug|Win32
		{26840837-0E57-4A05-80CD-4DFD5CAC2158}.Release|x64.ActiveCfg = Release|x64
		{26840837-0E57-4A05-80CD-4DFD5CAC2158}.Release|x64.Build.0 = Release|x64
		{26840837-0E57-4A05-80CD-4DFD5CAC2158}.Release|x86.ActiveCfg = Release|Win32
		{26840837-0E57-4A05-80CD-4DFD5CAC2158}.Release|x86.Build.0 = Release|Win32
		{8BC70DFD-9770-45E0-A57C-166F4A3EBE85}.Debug|x64.ActiveCfg = Debug|x64
		{8BC70DFD-9770-45E0-A57C-166F4A3EBE85}.Debug|x64.Build.0 = Debug|x64
		{8BC70DFD-9770-45E0-A57C-166F4A3EBE85}.Debug|x86.ActiveCfg = Debug|Win32
		{8BC70DFD-9770-45E0-A57C-166F4A3EBE85}.Debug|x86.Build.0 = Debug|Win32
		{8BC70DFD-9770-45E0-A57C-166F4A3EBE85}.Release|x64.ActiveCfg = Release|x64
		{8BC70DFD-9770-45E0-A57C-166F4A3EBE85}.Release|x64.Build.0 = Release|x64
		{8BC70DFD-9770-45E0-A57C-166F4A3EBE85}.Release|x86.ActiveCfg = Release|Win32
		{8BC70DFD-9770-45E0-A57C-166F4A3EBE85}.Release|x86.Build.0 = Release|Win32
		{1B20BBD9-9AA3-4FF3-B9B5-5EC200B91E9E}.Debug|x64.ActiveCfg = Debug|x64
		{1B20BBD9-9AA3-4FF3-B9B5-5EC200B91E9E}.Debug|x64.Build.0 = Debug|x64
		{1B20BBD9-9AA3-4FF3-B9B5-5EC200B91E9E}.Debug|x86.ActiveCfg = Debug|Win32
		{1B20BBD9-9AA3-4FF3-B9B5-5EC200B91E9E}.Debug|x86.Build.0 = Debug|Win32
		{1B20BBD9-9AA3-4FF3-B9B5-5EC200B91E9E}.Release|x64.ActiveCfg = Release|x64
		{1B20BBD9-9AA3-4FF3-B9B5-5EC200B91E9E}.Release|x64.Build.0 = Release|x64
		{1B20BBD9-9AA3-4FF3-B9B5-5EC200B91E9E}.Release|x86.ActiveCfg = Release|Win32
		{1B20BBD9-9AA3-4FF3-B9B5-5EC200B91E9E}.Release|x86.Build.0 = Release|Win32
		{FFEB1450-59D2-4AEA-9958-72108864AD5C}.Debug|x64.ActiveCfg = Debug|x64
		{FFEB1450-59D2-4AEA-9958-72108864AD5C}.Debug|x64.Build.0 = Debug|x64
		{FFEB1450-59D2-4AEA-9958-72108864AD5C}.Debug|x86.ActiveCfg = Debug|Win32
		{FFEB1450-59D2-4AEA-9958-72108864AD5C}.Debug|x86.Build.0 = Debug|Win32
		{FFEB1450-59D2-4AEA-9958-72108864AD5C}.Release|x64.ActiveCfg = Release|x64
		{FFEB1450-59D2-4AEA-9958-72108864AD5C}.Release|x64.Build.0 = Release|x64
		{FFEB1450-59D2-4AEA-9958-72108864AD5C}.Release|x86.ActiveCfg = Release|Win32
		{FFEB1450-59D2-4AEA-9958-72108864AD5C}.Release|x86.Build.0 = Release|Win32
		{B8282593-D98A-4279-AE0C-146F160E2282}.Debug|x64.ActiveCfg = Debug|x64
		{B8282593-D98A-4279-AE0C-146F160E2282}.Debug|x64.Build.0 = Debug|x64
		{B8282593-D98A-4279-AE0C-146F160E2282}.Debug|x86.ActiveCfg = Debug|Win32
		{B8282593-D98A-4279-AE0C-146F160E2282}.Debug|x86.Build.0 = Debug|Win32
		{B8282593-D98A-4279-AE0C-146F160E2282}.Release|x64.ActiveCfg = Release|x64
		{B8282593-D98A-4279-AE0C-146F160E2282}.Release|x64.Build.0 = Release|x64
		{B8282593-D98A-4279-AE0C-146F160E2282}.Release|x86.ActiveCfg = Release|Win32
		{B8282593-D98A-4279-AE0C-146F160E2282}.Release|x86.Build.0 = Release|Win32
		{6EEF896E-FAAE-4377-9254-ABDB7D0F7AE2}.Debug|x64.ActiveCfg = Debug|x64
		{6EEF896E-FAAE-4377-9254-ABDB7D0F7AE2}.Debug|x64.Build.0 = Debug|x64
		{6EEF896E-FAAE-4377-9254-ABDB7D0F7AE2}.Debug|x86.ActiveCfg = Debug|Win32
		{6EEF896E-FAAE-4377-9254-ABDB7D0F7AE2}.Debug|x86.Build.0 = Debug|Win32
		{6EEF896E-FAAE-4377-9254-ABDB7D0F7AE2}.Release|x64.ActiveCfg = Release|x64
		{6EEF896E-FAAE-4377-9254-ABDB7D0F7AE2}.Release|x64.Build.0 = Release|x64
		{6EEF896E-FAAE-4377-9254-ABDB7D0F7AE2}.Release|x86.ActiveCfg = Release|Win32
		{6EEF896E-FAAE-4377-9254-ABDB7D0F7AE2}.Release|x86.Build.0 = Release|Win32
		{3AA1E1AD-88B0-4215-8966-B50112B2E734}.Debug|x64.ActiveCfg = Debug|x64
		{3AA1E1AD-88B0-4215-8966-B50112B2E734}.Debug|x64.Build.0 = Debug|x64
		{3AA1E1AD-88B0-4215-8966-B50112B2E734}.Debug|x86.ActiveCfg = Debug|Win32
		{3AA1E1AD-88B0-4215-8966-B50112B2E734}.Debug|x86.Build.0 = Debug|Win32
		{3AA1E1AD-88B0-4215-8966-B50112B2E734}.Release|x64.ActiveCfg = Release|x64
		{3AA1E1AD-88B0-4215-8966-B50112B2E734}.Release|x64.Build.0 = Release|x64
		{3AA1E1AD-88B0-4215-8966-B50112B2E734}.Release|x86.ActiveCfg = Release|Win32
		{3AA1E1AD-88B0-4215-8966-B50112B2E734}.Release|x86.Build.0 = Release|Win32
		{1F99B581-5288-45F8-A077-A0DF9EA8C13A}.Debug|x64.ActiveCfg = Debug|x64
		{1F99B581-5288-45F8-A077-A0DF9EA8C13A}.Debug|x64.Build.0 = Debug|x64
		{1F99B581-5288-45F8-A077-A0DF9EA8C13A}.Debug|x86.ActiveCfg = Debug|Win32
		{1F99B581-5288-45F8-A077-A0DF9EA8C13A}.Debug|x86.Build.0 = Debug|Win32
		{1F99B581-5288-45F8-A077-A0DF9EA8C13A}.Release|x64.ActiveCfg = Release|x64
		{1F99B581-5288-45F8-A077-A0DF9EA8C13A}.Release|x64.Build.0 = Release|x64
		{1F99B581-5288-45F8-A077-A0DF9EA8C13A}.Release|x86.ActiveCfg = Release|Win32
		{1F99B581-5288-45F8-A077-A0DF9EA8C13A}.Release|x86.Build.0 = Release|Win32
		{62D2DC67-294A-4B1C-8C8E-A6DFD549B0A6}.Debug|x64.ActiveCfg = Debug|x64
		{62D2DC67-294A-4B1C-8C8E-A6DFD549B0A6}.Debug|x64.Build.0 = Debug|x64
		{62D2DC67-294A-4B1C-8C8E-A6DFD549B0A6}.Debug|x86.ActiveCfg = Debug|Win32
		{62D2DC67-294A-4B1C-8C8E-A6DFD549B0A6}.Debug|x86.Build.0 = Debug|Win32
		{62D2DC67-294A-4B1C-8C8E-A6DFD549B0A6}.Release|x64.ActiveCfg = Release|x64
		{62D2DC67-294A-4B1C-8C8E-A6DFD549B0A6}.Release|x64.Build.0 = Release|x64
		{62D2DC67-294A-4B1C-8C8E-A6DFD549B0A6}.Release|x86.ActiveCfg = Release|Win32
		{62D2DC67-294A-4B1C-8C8E-A6DFD549B0A6}.Release|x86.Build.0 = Release|Win32
		{6F096911-8FE1-4445-9013-92204E633231}.Debug|x64.ActiveCfg = Debug|x64
		{6F096911-8FE1-4445-9013-92204E633231}.Debug|x64.Build.0 = Debug|x64
		{6F096911-8FE1-4445-9013-92204E633231}.Debug|x86.ActiveCfg = Debug|Win32
		{6F096911-8FE1-4445-9013-92204E633231}.Debug|x86.Build.0 = Debug|Win32
		{6F096911-8FE1-4445-9013-92204E633231}.Release|x64.ActiveCfg = Release|x64
		{6F096911-8FE1-4445-9013-92204E633231}.Release|x64.Build.0 = Release|x64
		{6F096911-8FE1-4445-9013-92204E633231}.Release|x86.ActiveCfg = Release|Win32
		{6F096911-8FE1-4445-9013-92204E633231}.Release|x86.Build.0 = Release|Win32
		{9F2B710F-2F1E-4269-8DA3-DA111D63BB38}.Debug|x64.ActiveCfg = Debug|x64
		{9F2B710F-2F1E-4269-8DA3-DA111D63BB38}.Debug|x64.Build.0 = Debug|x64
		{9F2B710F-2F1E-4269-8DA3-DA111D63BB38}.Debug|x86.ActiveCfg = Debug|Win32
		{9F2B710F-2F1E-4269-8DA3-DA111D63BB38}.Debug|x86.Build.0 = Debug|Win32
		{9F2B710F-2F1E-4269-8DA3-DA111D63BB38}.Release|x64.ActiveCfg = Release|x64
		{9F2B710F-2F1E-4269-8DA3-DA111D63BB38}.Release|x64.Build.0 = Release|x64
		{9F2B710F-2F1E-4269-8DA3-DA111D63BB38}.Release|x86.ActiveCfg = Release|Win32
		{9F2B710F-2F1E-4269-8DA3-DA111D63BB38}.Release|x86.Build.0 = Release|Win32
		{BA375A54-A947-478D-BF90-C0045F99BA2E}.Debug|x64.ActiveCfg = Debug|x64
		{BA375A54-A947-478D-BF90-C0045F99BA2E}.Debug|x64.Build.0 = Debug|x64
		{BA375A54-A947-478D-BF90-C0045F99BA2E}.Debug|x86.ActiveCfg = Debug|Win32
		{BA375A54-A947-478D-BF90-C0045F99BA2E}.Debug|x86.Build.0 = Debug|Win32
		{BA375A54-A947-478D-BF90-C0045F99BA2E}.Release|x64.ActiveCfg = Release|x64
		{BA375A54-A947-478D-BF90-C0045F99BA2E}.Release|x64.Build.0 = Release|x64
		{BA375A54-A947-478D-BF90-C0045F99BA2E}.Release|x86.ActiveCfg = Release|Win32
		{BA375A54-A947-478D-BF90-C0045F99BA2E}.Release|x86.Build.0 = Release|Win32
		{13746B0B-14F9-4099-9454-3E99CB220DE0}.Debug|x64.ActiveCfg = Debug|x64
		{13746B0B-14F9-4099-9454-3E99CB220DE0}.Debug|x64.Build.0 = Debug|x64
		{13746B0B-14F9-4099-9454-3E99CB220DE0}.Debug|x86.ActiveCfg = Debug|Win32
		{13746B0B-14F9-4099-9454-3E99CB220DE0}.Debug|x86.Build.0 = Debug|Win32
		{13746B0B-14F9-4099-9454-3E99CB220DE0}.Release|x64.ActiveCfg = Release|x64
		{13746B0B-14F9-4099-9454-3E99CB220DE0}.Release|x64.Build.0 = Release|x64
		{13746B0B-14F9-4099-9454-3E99CB220DE0}.Release|x86.ActiveCfg = Release|Win32
		{13746B0B-14F9-4099-9454-3E99CB220DE0}.Release|x86.Build.0 = Release|Win32
		{BF84C4B5-EA33-460D-B82C-81CB8DF1F1AC}.Debug|x64.ActiveCfg = Debug|x64
		{BF84C4B5-EA33-460D-B82C-81CB8DF1F1AC}.Debug|x64.Build.0 = Debug|x64
		{BF84C4B5-EA33-460D-B82C-81CB8DF1F1AC}.Debug|x86.ActiveCfg = Debug|Win32
		{BF84C4B5-EA33-460D-B82C-81CB8DF1F1AC}.Debug|x86.Build.0 = Debug|Win32
		{BF84C4B5-EA33-460D-B82C-81CB8DF1F1AC}.Release|x64.ActiveCfg = Release|x64
		{BF84C4B5-EA33-460D-B82C-81CB8DF1F1AC}.Release|x64.Build.0 = Release|x64
		{BF84C4B5-EA33-460D-B82C-81CB8DF1F1AC}.Release|x86.ActiveCfg = Release|Win32
		{BF84C4B5-EA33-460D-B82C-81CB8DF1F1AC}.Release|x86.Build.0 = Release|Win32
	EndGlobalSection
	GlobalSection(SolutionProperties) = preSolution
		HideSolutionNode = FALSE
	EndGlobalSection
	GlobalSection(NestedProjects) = preSolution
		{FB4035DA-BBA7-423B-86E7-E34942919927} = {435C8464-229F-4581-8049-05BC8E9CCAC6}
		{9C46F4B2-8D60-4FAD-8B6F-A150DB3AA7D9} = {435C8464-229F-4581-8049-05BC8E9CCAC6}
		{26840837-0E57-4A05-80CD-4DFD5CAC2158} = {435C8464-229F-4581-8049-05BC8E9CCAC6}
		{8BC70DFD-9770-45E0-A57C-166F4A3EBE85} = {8E1924DA-5BCE-4B07-8458-98AFE2935E07}
		{1B20BBD9-9AA3-4FF3-B9B5-5EC200B91E9E} = {8E1924DA-5BCE-4B07-8458-98AFE2935E07}
		{FFEB1450-59D2-4AEA-9958-72108864AD5C} = {8E1924DA-5BCE-4B07-8458-98AFE2935E07}
		{B8282593-D98A-4279-AE0C-146F160E2282} = {8E1924DA-5BCE-4B07-8458-98AFE2935E07}
		{6EEF896E-FAAE-4377-9254-ABDB7D0F7AE2} = {8E1924DA-5BCE-4B07-8458-98AFE2935E07}
		{3AA1E1AD-88B0-4215-8966-B50112B2E734} = {E693F21A-9FAC-427A-92C7-EB41BCA8D183}
		{1F99B581-5288-45F8-A077-A0DF9EA8C13A} = {E693F21A-9FAC-427A-92C7-EB41BCA8D183}
		{62D2DC67-294A-4B1C-8C8E-A6DFD549B0A6} = {0ECDE813-4DFE-4137-A5F6-7BF91BE52C65}
		{6F096911-8FE1-4445-9013-92204E633231} = {B7E7584B-0D03-4F3F-A326-9C7A5EC66763}
		{9F2B710F-2F1E-4269-8DA3-DA111D63BB38} = {DF3A68B4-049E-4C9B-82CE-D7E9F2BF8503}
		{BA375A54-A947-478D-BF90-C0045F99BA2E} = {8618389E-E4FC-4CB3-944E-36AC479DBB10}
		{13746B0B-14F9-4099-9454-3E99CB220DE0} = {5EF2B3B9-FC5C-48B9-8C95-BB49629CD141}
		{BF84C4B5-EA33-460D-B82C-81CB8DF1F1AC} = {5EF2B3B9-FC5C-48B9-8C95-BB49629CD141}
	EndGlobalSection
	GlobalSection(ExtensibilityGlobals) = postSolution
		SolutionGuid = {3D78427E-F6A0-4934-A46E-ABB0B7E56DD9}
	EndGlobalSection
EndGlobal
