
Microsoft Visual Studio Solution File, Format Version 12.00
# Visual Studio Version 16
VisualStudioVersion = 16.0.30523.141
MinimumVisualStudioVersion = 10.0.40219.1
Project("{8BC9CEB8-8B4A-11D0-8D11-00A0C91BC942}") = "HolaMundo", "HolaMundo\HolaMundo.vcxproj", "{FB4035DA-BBA7-423B-86E7-E34942919927}"
EndProject
Project("{2150E333-8FDC-42A3-9474-1A3956D46DE8}") = "Semana1", "Semana1", "{435C8464-229F-4581-8049-05BC8E9CCAC6}"
EndProject
Project("{8BC9CEB8-8B4A-11D0-8D11-00A0C91BC942}") = "SumaNumeros", "SumaNumeros\SumaNumeros.vcxproj", "{9C46F4B2-8D60-4FAD-8B6F-A150DB3AA7D9}"
EndProject
Project("{8BC9CEB8-8B4A-11D0-8D11-00A0C91BC942}") = "Tarea1", "Tarea1\Tarea1.vcxproj", "{26840837-0E57-4A05-80CD-4DFD5CAC2158}"
EndProject
Project("{2150E333-8FDC-42A3-9474-1A3956D46DE8}") = "Semana2", "Semana2", "{8E1924DA-5BCE-4B07-8458-98AFE2935E07}"
EndProject
Project("{8BC9CEB8-8B4A-11D0-8D11-00A0C91BC942}") = "ejemploClase", "ejemploClase\ejemploClase.vcxproj", "{8BC70DFD-9770-45E0-A57C-166F4A3EBE85}"
EndProject
Project("{8BC9CEB8-8B4A-11D0-8D11-00A0C91BC942}") = "EjercicioEnClase", "EjercicioEnClase\EjercicioEnClase.vcxproj", "{1B20BBD9-9AA3-4FF3-B9B5-5EC200B91E9E}"
EndProject
Project("{8BC9CEB8-8B4A-11D0-8D11-00A0C91BC942}") = "ejemploInterfazImplementacion", "ejemploInterfazImplementacion\ejemploInterfazImplementacion.vcxproj", "{FFEB1450-59D2-4AEA-9958-72108864AD5C}"
EndProject
Project("{8BC9CEB8-8B4A-11D0-8D11-00A0C91BC942}") = "ejemploRacional", "ejemploRacional\ejemploRacional.vcxproj", "{B8282593-D98A-4279-AE0C-146F160E2282}"
EndProject
Project("{8BC9CEB8-8B4A-11D0-8D11-00A0C91BC942}") = "Tarea2", "Tarea2\Tarea2.vcxproj", "{6EEF896E-FAAE-4377-9254-ABDB7D0F7AE2}"
EndProject
Global
	GlobalSection(SolutionConfigurationPlatforms) = preSolution
		Debug|x64 = Debug|x64
		Debug|x86 = Debug|x86
		Release|x64 = Release|x64
		Release|x86 = Release|x86
	EndGlobalSection
	GlobalSection(ProjectConfigurationPlatforms) = postSolution
		{FB4035DA-BBA7-423B-86E7-E34942919927}.Debug|x64.ActiveCfg = Debug|x64
		{FB4035DA-BBA7-423B-86E7-E34942919927}.Debug|x64.Build.0 = Debug|x64
		{FB4035DA-BBA7-423B-86E7-E34942919927}.Debug|x86.ActiveCfg = Debug|Win32
		{FB4035DA-BBA7-423B-86E7-E34942919927}.Debug|x86.Build.0 = Debug|Win32
		{FB4035DA-BBA7-423B-86E7-E34942919927}.Release|x64.ActiveCfg = Release|x64
		{FB4035DA-BBA7-423B-86E7-E34942919927}.Release|x64.Build.0 = Release|x64
		{FB4035DA-BBA7-423B-86E7-E34942919927}.Release|x86.ActiveCfg = Release|Win32
		{FB4035DA-BBA7-423B-86E7-E34942919927}.Release|x86.Build.0 = Release|Win32
		{9C46F4B2-8D60-4FAD-8B6F-A150DB3AA7D9}.Debug|x64.ActiveCfg = Debug|x64
		{9C46F4B2-8D60-4FAD-8B6F-A150DB3AA7D9}.Debug|x64.Build.0 = Debug|x64
		{9C46F4B2-8D60-4FAD-8B6F-A150DB3AA7D9}.Debug|x86.ActiveCfg = Debug|Win32
		{9C46F4B2-8D60-4FAD-8B6F-A150DB3AA7D9}.Debug|x86.Build.0 = Debug|Win32
		{9C46F4B2-8D60-4FAD-8B6F-A150DB3AA7D9}.Release|x64.ActiveCfg = Release|x64
		{9C46F4B2-8D60-4FAD-8B6F-A150DB3AA7D9}.Release|x64.Build.0 = Release|x64
		{9C46F4B2-8D60-4FAD-8B6F-A150DB3AA7D9}.Release|x86.ActiveCfg = Release|Win32
		{9C46F4B2-8D60-4FAD-8B6F-A150DB3AA7D9}.Release|x86.Build.0 = Release|Win32
		{26840837-0E57-4A05-80CD-4DFD5CAC2158}.Debug|x64.ActiveCfg = Debug|x64
		{26840837-0E57-4A05-80CD-4DFD5CAC2158}.Debug|x64.Build.0 = Debug|x64
		{26840837-0E57-4A05-80CD-4DFD5CAC2158}.Debug|x86.ActiveCfg = Debug|Win32
		{26840837-0E57-4A05-80CD-4DFD5CAC2158}.Debug|x86.Build.0 = Debug|Win32
		{26840837-0E57-4A05-80CD-4DFD5CAC2158}.Release|x64.ActiveCfg = Release|x64
		{26840837-0E57-4A05-80CD-4DFD5CAC2158}.Release|x64.Build.0 = Release|x64
		{26840837-0E57-4A05-80CD-4DFD5CAC2158}.Release|x86.ActiveCfg = Release|Win32
		{26840837-0E57-4A05-80CD-4DFD5CAC2158}.Release|x86.Build.0 = Release|Win32
		{8BC70DFD-9770-45E0-A57C-166F4A3EBE85}.Debug|x64.ActiveCfg = Debug|x64
		{8BC70DFD-9770-45E0-A57C-166F4A3EBE85}.Debug|x64.Build.0 = Debug|x64
		{8BC70DFD-9770-45E0-A57C-166F4A3EBE85}.Debug|x86.ActiveCfg = Debug|Win32
		{8BC70DFD-9770-45E0-A57C-166F4A3EBE85}.Debug|x86.Build.0 = Debug|Win32
		{8BC70DFD-9770-45E0-A57C-166F4A3EBE85}.Release|x64.ActiveCfg = Release|x64
		{8BC70DFD-9770-45E0-A57C-166F4A3EBE85}.Release|x64.Build.0 = Release|x64
		{8BC70DFD-9770-45E0-A57C-166F4A3EBE85}.Release|x86.ActiveCfg = Release|Win32
		{8BC70DFD-9770-45E0-A57C-166F4A3EBE85}.Release|x86.Build.0 = Release|Win32
		{1B20BBD9-9AA3-4FF3-B9B5-5EC200B91E9E}.Debug|x64.ActiveCfg = Debug|x64
		{1B20BBD9-9AA3-4FF3-B9B5-5EC200B91E9E}.Debug|x64.Build.0 = Debug|x64
		{1B20BBD9-9AA3-4FF3-B9B5-5EC200B91E9E}.Debug|x86.ActiveCfg = Debug|Win32
		{1B20BBD9-9AA3-4FF3-B9B5-5EC200B91E9E}.Debug|x86.Build.0 = Debug|Win32
		{1B20BBD9-9AA3-4FF3-B9B5-5EC200B91E9E}.Release|x64.ActiveCfg = Release|x64
		{1B20BBD9-9AA3-4FF3-B9B5-5EC200B91E9E}.Release|x64.Build.0 = Release|x64
		{1B20BBD9-9AA3-4FF3-B9B5-5EC200B91E9E}.Release|x86.ActiveCfg = Release|Win32
		{1B20BBD9-9AA3-4FF3-B9B5-5EC200B91E9E}.Release|x86.Build.0 = Release|Win32
		{FFEB1450-59D2-4AEA-9958-72108864AD5C}.Debug|x64.ActiveCfg = Debug|x64
		{FFEB1450-59D2-4AEA-9958-72108864AD5C}.Debug|x64.Build.0 = Debug|x64
		{FFEB1450-59D2-4AEA-9958-72108864AD5C}.Debug|x86.ActiveCfg = Debug|Win32
		{FFEB1450-59D2-4AEA-9958-72108864AD5C}.Debug|x86.Build.0 = Debug|Win32
		{FFEB1450-59D2-4AEA-9958-72108864AD5C}.Release|x64.ActiveCfg = Release|x64
		{FFEB1450-59D2-4AEA-9958-72108864AD5C}.Release|x64.Build.0 = Release|x64
		{FFEB1450-59D2-4AEA-9958-72108864AD5C}.Release|x86.ActiveCfg = Release|Win32
		{FFEB1450-59D2-4AEA-9958-72108864AD5C}.Release|x86.Build.0 = Release|Win32
		{B8282593-D98A-4279-AE0C-146F160E2282}.Debug|x64.ActiveCfg = Debug|x64
		{B8282593-D98A-4279-AE0C-146F160E2282}.Debug|x64.Build.0 = Debug|x64
		{B8282593-D98A-4279-AE0C-146F160E2282}.Debug|x86.ActiveCfg = Debug|Win32
		{B8282593-D98A-4279-AE0C-146F160E2282}.Debug|x86.Build.0 = Debug|Win32
		{B8282593-D98A-4279-AE0C-146F160E2282}.Release|x64.ActiveCfg = Release|x64
		{B8282593-D98A-4279-AE0C-146F160E2282}.Release|x64.Build.0 = Release|x64
		{B8282593-D98A-4279-AE0C-146F160E2282}.Release|x86.ActiveCfg = Release|Win32
		{B8282593-D98A-4279-AE0C-146F160E2282}.Release|x86.Build.0 = Release|Win32
		{6EEF896E-FAAE-4377-9254-ABDB7D0F7AE2}.Debug|x64.ActiveCfg = Debug|x64
		{6EEF896E-FAAE-4377-9254-ABDB7D0F7AE2}.Debug|x64.Build.0 = Debug|x64
		{6EEF896E-FAAE-4377-9254-ABDB7D0F7AE2}.Debug|x86.ActiveCfg = Debug|Win32
		{6EEF896E-FAAE-4377-9254-ABDB7D0F7AE2}.Debug|x86.Build.0 = Debug|Win32
		{6EEF896E-FAAE-4377-9254-ABDB7D0F7AE2}.Release|x64.ActiveCfg = Release|x64
		{6EEF896E-FAAE-4377-9254-ABDB7D0F7AE2}.Release|x64.Build.0 = Release|x64
		{6EEF896E-FAAE-4377-9254-ABDB7D0F7AE2}.Release|x86.ActiveCfg = Release|Win32
		{6EEF896E-FAAE-4377-9254-ABDB7D0F7AE2}.Release|x86.Build.0 = Release|Win32
	EndGlobalSection
	GlobalSection(SolutionProperties) = preSolution
		HideSolutionNode = FALSE
	EndGlobalSection
	GlobalSection(NestedProjects) = preSolution
		{FB4035DA-BBA7-423B-86E7-E34942919927} = {435C8464-229F-4581-8049-05BC8E9CCAC6}
		{9C46F4B2-8D60-4FAD-8B6F-A150DB3AA7D9} = {435C8464-229F-4581-8049-05BC8E9CCAC6}
		{26840837-0E57-4A05-80CD-4DFD5CAC2158} = {435C8464-229F-4581-8049-05BC8E9CCAC6}
		{8BC70DFD-9770-45E0-A57C-166F4A3EBE85} = {8E1924DA-5BCE-4B07-8458-98AFE2935E07}
		{1B20BBD9-9AA3-4FF3-B9B5-5EC200B91E9E} = {8E1924DA-5BCE-4B07-8458-98AFE2935E07}
		{FFEB1450-59D2-4AEA-9958-72108864AD5C} = {8E1924DA-5BCE-4B07-8458-98AFE2935E07}
		{B8282593-D98A-4279-AE0C-146F160E2282} = {8E1924DA-5BCE-4B07-8458-98AFE2935E07}
		{6EEF896E-FAAE-4377-9254-ABDB7D0F7AE2} = {8E1924DA-5BCE-4B07-8458-98AFE2935E07}
	EndGlobalSection
	GlobalSection(ExtensibilityGlobals) = postSolution
		SolutionGuid = {3D78427E-F6A0-4934-A46E-ABB0B7E56DD9}
	EndGlobalSection
EndGlobal
